
Microsoft Visual Studio Solution File, Format Version 12.00
# Visual Studio Version 17
VisualStudioVersion = 17.8.34511.84
MinimumVisualStudioVersion = 10.0.40219.1
Project("{FAE04EC0-301F-11D3-BF4B-00C04F79EFBC}") = "FoodTruckLocator", "FoodTruckLocator\FoodTruckLocator.csproj", "{A30F94D4-721B-49A4-BA7E-25BB7C01EC5B}"
EndProject
Project("{FAE04EC0-301F-11D3-BF4B-00C04F79EFBC}") = "FoodTruckLocator.Tests", "FoodTruckLocator.Tests\FoodTruckLocator.Tests.csproj", "{412B49B3-A468-4AED-A47E-AE5C2622A307}"
EndProject
Global
	GlobalSection(SolutionConfigurationPlatforms) = preSolution
		Debug|Any CPU = Debug|Any CPU
		Release|Any CPU = Release|Any CPU
	EndGlobalSection
	GlobalSection(ProjectConfigurationPlatforms) = postSolution
		{A30F94D4-721B-49A4-BA7E-25BB7C01EC5B}.Debug|Any CPU.ActiveCfg = Debug|Any CPU
		{A30F94D4-721B-49A4-BA7E-25BB7C01EC5B}.Debug|Any CPU.Build.0 = Debug|Any CPU
		{A30F94D4-721B-49A4-BA7E-25BB7C01EC5B}.Release|Any CPU.ActiveCfg = Release|Any CPU
		{A30F94D4-721B-49A4-BA7E-25BB7C01EC5B}.Release|Any CPU.Build.0 = Release|Any CPU
		{412B49B3-A468-4AED-A47E-AE5C2622A307}.Debug|Any CPU.ActiveCfg = Debug|Any CPU
		{412B49B3-A468-4AED-A47E-AE5C2622A307}.Debug|Any CPU.Build.0 = Debug|Any CPU
		{412B49B3-A468-4AED-A47E-AE5C2622A307}.Release|Any CPU.ActiveCfg = Release|Any CPU
		{412B49B3-A468-4AED-A47E-AE5C2622A307}.Release|Any CPU.Build.0 = Release|Any CPU
	EndGlobalSection
	GlobalSection(SolutionProperties) = preSolution
		HideSolutionNode = FALSE
	EndGlobalSection
	GlobalSection(ExtensibilityGlobals) = postSolution
		SolutionGuid = {2806501E-A6F4-41F6-A76E-4605F7F54A7F}
	EndGlobalSection
EndGlobal
